
Microsoft Visual Studio Solution File, Format Version 12.00
# Visual Studio Version 16
VisualStudioVersion = 16.0.29020.237
MinimumVisualStudioVersion = 10.0.40219.1
Project("{FAE04EC0-301F-11D3-BF4B-00C04F79EFBC}") = "DesignQuiz", "DesignQuiz.csproj", "{5FA57EEC-077A-4EFA-A935-0EB6344DA58D}"
EndProject
Global
	GlobalSection(SolutionConfigurationPlatforms) = preSolution
		Debug|Any CPU = Debug|Any CPU
		Release|Any CPU = Release|Any CPU
	EndGlobalSection
	GlobalSection(ProjectConfigurationPlatforms) = postSolution
		{5FA57EEC-077A-4EFA-A935-0EB6344DA58D}.Debug|Any CPU.ActiveCfg = Debug|Any CPU
		{5FA57EEC-077A-4EFA-A935-0EB6344DA58D}.Debug|Any CPU.Build.0 = Debug|Any CPU
		{5FA57EEC-077A-4EFA-A935-0EB6344DA58D}.Release|Any CPU.ActiveCfg = Release|Any CPU
		{5FA57EEC-077A-4EFA-A935-0EB6344DA58D}.Release|Any CPU.Build.0 = Release|Any CPU
	EndGlobalSection
	GlobalSection(SolutionProperties) = preSolution
		HideSolutionNode = FALSE
	EndGlobalSection
	GlobalSection(ExtensibilityGlobals) = postSolution
		SolutionGuid = {84229212-6FDD-419A-8020-B1986214AF70}
	EndGlobalSection
EndGlobal
